
Microsoft Visual Studio Solution File, Format Version 12.00
# Visual Studio 15
Project("{FAE04EC0-301F-11D3-BF4B-00C04F79EFBC}") = "Assembly-CSharp", "Assembly-CSharp.csproj", "{DF7F5B99-A8ED-E1B5-AB04-4B8435B21695}"
EndProject
Global
	GlobalSection(SolutionConfigurationPlatforms) = preSolution
		Debug|Any CPU = Debug|Any CPU
		Release|Any CPU = Release|Any CPU
	EndGlobalSection
	GlobalSection(ProjectConfigurationPlatforms) = postSolution
		{DF7F5B99-A8ED-E1B5-AB04-4B8435B21695}.Debug|Any CPU.ActiveCfg = Debug|Any CPU
		{DF7F5B99-A8ED-E1B5-AB04-4B8435B21695}.Debug|Any CPU.Build.0 = Debug|Any CPU
		{DF7F5B99-A8ED-E1B5-AB04-4B8435B21695}.Release|Any CPU.ActiveCfg = Release|Any CPU
		{DF7F5B99-A8ED-E1B5-AB04-4B8435B21695}.Release|Any CPU.Build.0 = Release|Any CPU
	EndGlobalSection
	GlobalSection(SolutionProperties) = preSolution
		HideSolutionNode = FALSE
	EndGlobalSection
EndGlobal
